
Microsoft Visual Studio Solution File, Format Version 12.00
# Visual Studio Version 16
VisualStudioVersion = 16.0.30804.86
MinimumVisualStudioVersion = 10.0.40219.1
Project("{FAE04EC0-301F-11D3-BF4B-00C04F79EFBC}") = "Scaffolding", "Scaffolding.csproj", "{C78290D0-FF8E-4B41-95E5-F2965AB55C5D}"
EndProject
Project("{9A19103F-16F7-4668-BE54-9A1E7A4F7556}") = "OdeToFood.Data", "..\OdeToFood.Data\OdeToFood.Data.csproj", "{23112795-3792-4F6A-8DB5-34F616F78102}"
EndProject
Project("{9A19103F-16F7-4668-BE54-9A1E7A4F7556}") = "OdeToFood.Core", "..\OdeToFood.Core\OdeToFood.Core.csproj", "{EE9FB7DD-9E99-46B1-9DCC-775BF38060C9}"
EndProject
Global
	GlobalSection(SolutionConfigurationPlatforms) = preSolution
		Debug|Any CPU = Debug|Any CPU
		Release|Any CPU = Release|Any CPU
	EndGlobalSection
	GlobalSection(ProjectConfigurationPlatforms) = postSolution
		{C78290D0-FF8E-4B41-95E5-F2965AB55C5D}.Debug|Any CPU.ActiveCfg = Debug|Any CPU
		{C78290D0-FF8E-4B41-95E5-F2965AB55C5D}.Debug|Any CPU.Build.0 = Debug|Any CPU
		{C78290D0-FF8E-4B41-95E5-F2965AB55C5D}.Release|Any CPU.ActiveCfg = Release|Any CPU
		{C78290D0-FF8E-4B41-95E5-F2965AB55C5D}.Release|Any CPU.Build.0 = Release|Any CPU
		{23112795-3792-4F6A-8DB5-34F616F78102}.Debug|Any CPU.ActiveCfg = Debug|Any CPU
		{23112795-3792-4F6A-8DB5-34F616F78102}.Debug|Any CPU.Build.0 = Debug|Any CPU
		{23112795-3792-4F6A-8DB5-34F616F78102}.Release|Any CPU.ActiveCfg = Release|Any CPU
		{23112795-3792-4F6A-8DB5-34F616F78102}.Release|Any CPU.Build.0 = Release|Any CPU
		{EE9FB7DD-9E99-46B1-9DCC-775BF38060C9}.Debug|Any CPU.ActiveCfg = Debug|Any CPU
		{EE9FB7DD-9E99-46B1-9DCC-775BF38060C9}.Debug|Any CPU.Build.0 = Debug|Any CPU
		{EE9FB7DD-9E99-46B1-9DCC-775BF38060C9}.Release|Any CPU.ActiveCfg = Release|Any CPU
		{EE9FB7DD-9E99-46B1-9DCC-775BF38060C9}.Release|Any CPU.Build.0 = Release|Any CPU
	EndGlobalSection
	GlobalSection(SolutionProperties) = preSolution
		HideSolutionNode = FALSE
	EndGlobalSection
	GlobalSection(ExtensibilityGlobals) = postSolution
		SolutionGuid = {F0F70024-23E8-42FB-951F-0CA534ACBC1C}
	EndGlobalSection
EndGlobal
